
Microsoft Visual Studio Solution File, Format Version 12.00
# Visual Studio Version 17
VisualStudioVersion = 17.9.34728.123
MinimumVisualStudioVersion = 10.0.40219.1
Project("{FAE04EC0-301F-11D3-BF4B-00C04F79EFBC}") = "1-IfElse", "1-IfElse\1-IfElse.csproj", "{1F0CA9BF-89BC-43BC-9912-C7BB8CEADCA2}"
EndProject
Project("{FAE04EC0-301F-11D3-BF4B-00C04F79EFBC}") = "2-IfElse_Ornekler", "2-IfElse_Ornekler\2-IfElse_Ornekler.csproj", "{4B5C99D9-84A9-499E-A893-1C3CCD5733FC}"
EndProject
Project("{FAE04EC0-301F-11D3-BF4B-00C04F79EFBC}") = "3-SwitchCase", "3-SwitchCase\3-SwitchCase.csproj", "{F32C099C-E87E-4A52-87B3-B0F2C1B1084D}"
EndProject
Project("{FAE04EC0-301F-11D3-BF4B-00C04F79EFBC}") = "4-SwitchCase_Ornekler", "4-SwitchCase_Ornekler\4-SwitchCase_Ornekler.csproj", "{B02F573C-86F7-4F6A-AFDD-567D8EF5BBC5}"
EndProject
Project("{FAE04EC0-301F-11D3-BF4B-00C04F79EFBC}") = "5-TernaryIf", "5-TernaryIf\5-TernaryIf.csproj", "{C11A0258-F320-4FEE-840C-14F7F9DD2902}"
EndProject
Global
	GlobalSection(SolutionConfigurationPlatforms) = preSolution
		Debug|Any CPU = Debug|Any CPU
		Release|Any CPU = Release|Any CPU
	EndGlobalSection
	GlobalSection(ProjectConfigurationPlatforms) = postSolution
		{1F0CA9BF-89BC-43BC-9912-C7BB8CEADCA2}.Debug|Any CPU.ActiveCfg = Debug|Any CPU
		{1F0CA9BF-89BC-43BC-9912-C7BB8CEADCA2}.Debug|Any CPU.Build.0 = Debug|Any CPU
		{1F0CA9BF-89BC-43BC-9912-C7BB8CEADCA2}.Release|Any CPU.ActiveCfg = Release|Any CPU
		{1F0CA9BF-89BC-43BC-9912-C7BB8CEADCA2}.Release|Any CPU.Build.0 = Release|Any CPU
		{4B5C99D9-84A9-499E-A893-1C3CCD5733FC}.Debug|Any CPU.ActiveCfg = Debug|Any CPU
		{4B5C99D9-84A9-499E-A893-1C3CCD5733FC}.Debug|Any CPU.Build.0 = Debug|Any CPU
		{4B5C99D9-84A9-499E-A893-1C3CCD5733FC}.Release|Any CPU.ActiveCfg = Release|Any CPU
		{4B5C99D9-84A9-499E-A893-1C3CCD5733FC}.Release|Any CPU.Build.0 = Release|Any CPU
		{F32C099C-E87E-4A52-87B3-B0F2C1B1084D}.Debug|Any CPU.ActiveCfg = Debug|Any CPU
		{F32C099C-E87E-4A52-87B3-B0F2C1B1084D}.Debug|Any CPU.Build.0 = Debug|Any CPU
		{F32C099C-E87E-4A52-87B3-B0F2C1B1084D}.Release|Any CPU.ActiveCfg = Release|Any CPU
		{F32C099C-E87E-4A52-87B3-B0F2C1B1084D}.Release|Any CPU.Build.0 = Release|Any CPU
		{B02F573C-86F7-4F6A-AFDD-567D8EF5BBC5}.Debug|Any CPU.ActiveCfg = Debug|Any CPU
		{B02F573C-86F7-4F6A-AFDD-567D8EF5BBC5}.Debug|Any CPU.Build.0 = Debug|Any CPU
		{B02F573C-86F7-4F6A-AFDD-567D8EF5BBC5}.Release|Any CPU.ActiveCfg = Release|Any CPU
		{B02F573C-86F7-4F6A-AFDD-567D8EF5BBC5}.Release|Any CPU.Build.0 = Release|Any CPU
		{C11A0258-F320-4FEE-840C-14F7F9DD2902}.Debug|Any CPU.ActiveCfg = Debug|Any CPU
		{C11A0258-F320-4FEE-840C-14F7F9DD2902}.Debug|Any CPU.Build.0 = Debug|Any CPU
		{C11A0258-F320-4FEE-840C-14F7F9DD2902}.Release|Any CPU.ActiveCfg = Release|Any CPU
		{C11A0258-F320-4FEE-840C-14F7F9DD2902}.Release|Any CPU.Build.0 = Release|Any CPU
	EndGlobalSection
	GlobalSection(SolutionProperties) = preSolution
		HideSolutionNode = FALSE
	EndGlobalSection
	GlobalSection(ExtensibilityGlobals) = postSolution
		SolutionGuid = {F64D5040-9825-4D34-9FA4-0ACC48B18748}
	EndGlobalSection
EndGlobal
